// !$*UTF8*$!
{
	archiveVersion = 1;
	classes = {
	};
	objectVersion = 77;
	objects = {

/* Begin PBXBuildFile section */
		11512EE42CB71577005207EF /* PokerLevel.swift in Sources */ = {isa = PBXBuildFile; fileRef = 11512EE32CB71577005207EF /* PokerLevel.swift */; };
		11512EE62CB7159A005207EF /* PlayerData.swift in Sources */ = {isa = PBXBuildFile; fileRef = 11512EE52CB7159A005207EF /* PlayerData.swift */; };
		11512EE82CB715B7005207EF /* PlayerLevelDetermination.swift in Sources */ = {isa = PBXBuildFile; fileRef = 11512EE72CB715B7005207EF /* PlayerLevelDetermination.swift */; };
		11512EEA2CB7176E005207EF /* UserDefaultsPlayerDataRepository.swift in Sources */ = {isa = PBXBuildFile; fileRef = 11512EE92CB7176E005207EF /* UserDefaultsPlayerDataRepository.swift */; };
		11512EEC2CB717B2005207EF /* PlayerDataRepository.swift in Sources */ = {isa = PBXBuildFile; fileRef = 11512EEB2CB717B2005207EF /* PlayerDataRepository.swift */; };
		11512EEE2CB71905005207EF /* HandPreference.swift in Sources */ = {isa = PBXBuildFile; fileRef = 11512EED2CB71905005207EF /* HandPreference.swift */; };
		116D412B2CB3215F00F55A08 /* VideoPokerApp.swift in Sources */ = {isa = PBXBuildFile; fileRef = 116D411E2CB3215F00F55A08 /* VideoPokerApp.swift */; };
		116D412C2CB3215F00F55A08 /* VideoPokerView.swift in Sources */ = {isa = PBXBuildFile; fileRef = 116D41292CB3215F00F55A08 /* VideoPokerView.swift */; };
		116D412D2CB3215F00F55A08 /* Assets.xcassets in Resources */ = {isa = PBXBuildFile; fileRef = 116D41252CB3215F00F55A08 /* Assets.xcassets */; };
		116D412E2CB3215F00F55A08 /* Preview Assets.xcassets in Resources */ = {isa = PBXBuildFile; fileRef = 116D41272CB3215F00F55A08 /* Preview Assets.xcassets */; };
		116D41302CB321AE00F55A08 /* Card.swift in Sources */ = {isa = PBXBuildFile; fileRef = 116D412F2CB321AE00F55A08 /* Card.swift */; };
		116D41352CB3220100F55A08 /* Suit.swift in Sources */ = {isa = PBXBuildFile; fileRef = 116D41342CB3220100F55A08 /* Suit.swift */; };
		116D41372CB3220F00F55A08 /* Rank.swift in Sources */ = {isa = PBXBuildFile; fileRef = 116D41362CB3220F00F55A08 /* Rank.swift */; };
		116D41392CB3222000F55A08 /* Hand.swift in Sources */ = {isa = PBXBuildFile; fileRef = 116D41382CB3222000F55A08 /* Hand.swift */; };
		116D413B2CB3223A00F55A08 /* Deck.swift in Sources */ = {isa = PBXBuildFile; fileRef = 116D413A2CB3223A00F55A08 /* Deck.swift */; };
		116D413D2CB3224F00F55A08 /* HandRank.swift in Sources */ = {isa = PBXBuildFile; fileRef = 116D413C2CB3224F00F55A08 /* HandRank.swift */; };
		116D41442CB322A200F55A08 /* VideoPokerViewModel.swift in Sources */ = {isa = PBXBuildFile; fileRef = 116D41432CB322A200F55A08 /* VideoPokerViewModel.swift */; };
		116D41462CB3234000F55A08 /* VideoPokerGame.swift in Sources */ = {isa = PBXBuildFile; fileRef = 116D41452CB3234000F55A08 /* VideoPokerGame.swift */; };
		116D41492CB326DB00F55A08 /* MockVideoPokerGame.swift in Sources */ = {isa = PBXBuildFile; fileRef = 116D41482CB326DB00F55A08 /* MockVideoPokerGame.swift */; };
		116D414B2CB326FD00F55A08 /* MockGameRepository.swift in Sources */ = {isa = PBXBuildFile; fileRef = 116D414A2CB326FD00F55A08 /* MockGameRepository.swift */; };
		116D415E2CB32FB100F55A08 /* CardFactory.swift in Sources */ = {isa = PBXBuildFile; fileRef = 116D415D2CB32FB100F55A08 /* CardFactory.swift */; };
		116D41602CB32FF300F55A08 /* RandomCardFactory.swift in Sources */ = {isa = PBXBuildFile; fileRef = 116D415F2CB32FF300F55A08 /* RandomCardFactory.swift */; };
		116D41622CB3352A00F55A08 /* CardColor.swift in Sources */ = {isa = PBXBuildFile; fileRef = 116D41612CB3352300F55A08 /* CardColor.swift */; };
		116D41642CB341A400F55A08 /* CardView.swift in Sources */ = {isa = PBXBuildFile; fileRef = 116D41632CB341A400F55A08 /* CardView.swift */; };
		116D41682CB34C5000F55A08 /* Localizable.xcstrings in Resources */ = {isa = PBXBuildFile; fileRef = 116D41672CB34C5000F55A08 /* Localizable.xcstrings */; };
		116D416A2CB3681100F55A08 /* HandState.swift in Sources */ = {isa = PBXBuildFile; fileRef = 116D41692CB3681100F55A08 /* HandState.swift */; };
/* End PBXBuildFile section */

/* Begin PBXContainerItemProxy section */
		116D41572CB32CB400F55A08 /* PBXContainerItemProxy */ = {
			isa = PBXContainerItemProxy;
			containerPortal = 115441002CB31CC8006EC8B1 /* Project object */;
			proxyType = 1;
			remoteGlobalIDString = 115441072CB31CC8006EC8B1;
			remoteInfo = "Penguins Poker Palace";
		};
/* End PBXContainerItemProxy section */

/* Begin PBXFileReference section */
		11512EE32CB71577005207EF /* PokerLevel.swift */ = {isa = PBXFileReference; lastKnownFileType = sourcecode.swift; path = PokerLevel.swift; sourceTree = "<group>"; };
		11512EE52CB7159A005207EF /* PlayerData.swift */ = {isa = PBXFileReference; lastKnownFileType = sourcecode.swift; path = PlayerData.swift; sourceTree = "<group>"; };
		11512EE72CB715B7005207EF /* PlayerLevelDetermination.swift */ = {isa = PBXFileReference; lastKnownFileType = sourcecode.swift; path = PlayerLevelDetermination.swift; sourceTree = "<group>"; };
		11512EE92CB7176E005207EF /* UserDefaultsPlayerDataRepository.swift */ = {isa = PBXFileReference; lastKnownFileType = sourcecode.swift; path = UserDefaultsPlayerDataRepository.swift; sourceTree = "<group>"; };
		11512EEB2CB717B2005207EF /* PlayerDataRepository.swift */ = {isa = PBXFileReference; lastKnownFileType = sourcecode.swift; path = PlayerDataRepository.swift; sourceTree = "<group>"; };
		11512EED2CB71905005207EF /* HandPreference.swift */ = {isa = PBXFileReference; lastKnownFileType = sourcecode.swift; path = HandPreference.swift; sourceTree = "<group>"; };
		115441082CB31CC8006EC8B1 /* Penguins Poker Palace.app */ = {isa = PBXFileReference; explicitFileType = wrapper.application; includeInIndex = 0; path = "Penguins Poker Palace.app"; sourceTree = BUILT_PRODUCTS_DIR; };
		116D411E2CB3215F00F55A08 /* VideoPokerApp.swift */ = {isa = PBXFileReference; lastKnownFileType = sourcecode.swift; path = VideoPokerApp.swift; sourceTree = "<group>"; };
		116D41252CB3215F00F55A08 /* Assets.xcassets */ = {isa = PBXFileReference; lastKnownFileType = folder.assetcatalog; path = Assets.xcassets; sourceTree = "<group>"; };
		116D41272CB3215F00F55A08 /* Preview Assets.xcassets */ = {isa = PBXFileReference; lastKnownFileType = folder.assetcatalog; path = "Preview Assets.xcassets"; sourceTree = "<group>"; };
		116D41292CB3215F00F55A08 /* VideoPokerView.swift */ = {isa = PBXFileReference; lastKnownFileType = sourcecode.swift; path = VideoPokerView.swift; sourceTree = "<group>"; };
		116D412F2CB321AE00F55A08 /* Card.swift */ = {isa = PBXFileReference; lastKnownFileType = sourcecode.swift; path = Card.swift; sourceTree = "<group>"; };
		116D41342CB3220100F55A08 /* Suit.swift */ = {isa = PBXFileReference; lastKnownFileType = sourcecode.swift; path = Suit.swift; sourceTree = "<group>"; };
		116D41362CB3220F00F55A08 /* Rank.swift */ = {isa = PBXFileReference; lastKnownFileType = sourcecode.swift; path = Rank.swift; sourceTree = "<group>"; };
		116D41382CB3222000F55A08 /* Hand.swift */ = {isa = PBXFileReference; lastKnownFileType = sourcecode.swift; path = Hand.swift; sourceTree = "<group>"; };
		116D413A2CB3223A00F55A08 /* Deck.swift */ = {isa = PBXFileReference; lastKnownFileType = sourcecode.swift; path = Deck.swift; sourceTree = "<group>"; };
		116D413C2CB3224F00F55A08 /* HandRank.swift */ = {isa = PBXFileReference; lastKnownFileType = sourcecode.swift; path = HandRank.swift; sourceTree = "<group>"; };
		116D41432CB322A200F55A08 /* VideoPokerViewModel.swift */ = {isa = PBXFileReference; lastKnownFileType = sourcecode.swift; path = VideoPokerViewModel.swift; sourceTree = "<group>"; };
		116D41452CB3234000F55A08 /* VideoPokerGame.swift */ = {isa = PBXFileReference; lastKnownFileType = sourcecode.swift; path = VideoPokerGame.swift; sourceTree = "<group>"; };
		116D41482CB326DB00F55A08 /* MockVideoPokerGame.swift */ = {isa = PBXFileReference; lastKnownFileType = sourcecode.swift; path = MockVideoPokerGame.swift; sourceTree = "<group>"; };
		116D414A2CB326FD00F55A08 /* MockGameRepository.swift */ = {isa = PBXFileReference; lastKnownFileType = sourcecode.swift; path = MockGameRepository.swift; sourceTree = "<group>"; };
		116D41532CB32CB400F55A08 /* VideoPokerAppTests.xctest */ = {isa = PBXFileReference; explicitFileType = wrapper.cfbundle; includeInIndex = 0; path = VideoPokerAppTests.xctest; sourceTree = BUILT_PRODUCTS_DIR; };
		116D415D2CB32FB100F55A08 /* CardFactory.swift */ = {isa = PBXFileReference; lastKnownFileType = sourcecode.swift; path = CardFactory.swift; sourceTree = "<group>"; };
		116D415F2CB32FF300F55A08 /* RandomCardFactory.swift */ = {isa = PBXFileReference; lastKnownFileType = sourcecode.swift; path = RandomCardFactory.swift; sourceTree = "<group>"; };
		116D41612CB3352300F55A08 /* CardColor.swift */ = {isa = PBXFileReference; lastKnownFileType = sourcecode.swift; path = CardColor.swift; sourceTree = "<group>"; };
		116D41632CB341A400F55A08 /* CardView.swift */ = {isa = PBXFileReference; lastKnownFileType = sourcecode.swift; path = CardView.swift; sourceTree = "<group>"; };
		116D41672CB34C5000F55A08 /* Localizable.xcstrings */ = {isa = PBXFileReference; lastKnownFileType = text.json.xcstrings; path = Localizable.xcstrings; sourceTree = "<group>"; };
		116D41692CB3681100F55A08 /* HandState.swift */ = {isa = PBXFileReference; lastKnownFileType = sourcecode.swift; path = HandState.swift; sourceTree = "<group>"; };
/* End PBXFileReference section */

/* Begin PBXFileSystemSynchronizedRootGroup section */
		116D41542CB32CB400F55A08 /* VideoPokerAppTests */ = {
			isa = PBXFileSystemSynchronizedRootGroup;
			path = VideoPokerAppTests;
			sourceTree = "<group>";
		};
/* End PBXFileSystemSynchronizedRootGroup section */

/* Begin PBXFrameworksBuildPhase section */
		115441052CB31CC8006EC8B1 /* Frameworks */ = {
			isa = PBXFrameworksBuildPhase;
			buildActionMask = 2147483647;
			files = (
			);
			runOnlyForDeploymentPostprocessing = 0;
		};
		116D41502CB32CB400F55A08 /* Frameworks */ = {
			isa = PBXFrameworksBuildPhase;
			buildActionMask = 2147483647;
			files = (
			);
			runOnlyForDeploymentPostprocessing = 0;
		};
/* End PBXFrameworksBuildPhase section */

/* Begin PBXGroup section */
		11512EEF2CB72A09005207EF /* Services */ = {
			isa = PBXGroup;
			children = (
				11512EE72CB715B7005207EF /* PlayerLevelDetermination.swift */,
			);
			path = Services;
			sourceTree = "<group>";
		};
		115440FF2CB31CC8006EC8B1 = {
			isa = PBXGroup;
			children = (
				116D412A2CB3215F00F55A08 /* Penguins Poker Palace */,
				116D41542CB32CB400F55A08 /* VideoPokerAppTests */,
				115441092CB31CC8006EC8B1 /* Products */,
			);
			sourceTree = "<group>";
		};
		115441092CB31CC8006EC8B1 /* Products */ = {
			isa = PBXGroup;
			children = (
				115441082CB31CC8006EC8B1 /* Penguins Poker Palace.app */,
				116D41532CB32CB400F55A08 /* VideoPokerAppTests.xctest */,
			);
			name = Products;
			sourceTree = "<group>";
		};
		116D41192CB3215F00F55A08 /* Repositories */ = {
			isa = PBXGroup;
			children = (
				11512EEB2CB717B2005207EF /* PlayerDataRepository.swift */,
			);
			path = Repositories;
			sourceTree = "<group>";
		};
		116D411A2CB3215F00F55A08 /* Data */ = {
			isa = PBXGroup;
			children = (
				116D41192CB3215F00F55A08 /* Repositories */,
			);
			path = Data;
			sourceTree = "<group>";
		};
		116D411B2CB3215F00F55A08 /* Entities */ = {
			isa = PBXGroup;
			children = (
				116D412F2CB321AE00F55A08 /* Card.swift */,
				116D41612CB3352300F55A08 /* CardColor.swift */,
				116D413A2CB3223A00F55A08 /* Deck.swift */,
				116D41382CB3222000F55A08 /* Hand.swift */,
				11512EED2CB71905005207EF /* HandPreference.swift */,
				116D413C2CB3224F00F55A08 /* HandRank.swift */,
				116D41692CB3681100F55A08 /* HandState.swift */,
				11512EE52CB7159A005207EF /* PlayerData.swift */,
				11512EE32CB71577005207EF /* PokerLevel.swift */,
				116D41362CB3220F00F55A08 /* Rank.swift */,
				116D41342CB3220100F55A08 /* Suit.swift */,
				116D41452CB3234000F55A08 /* VideoPokerGame.swift */,
			);
			path = Entities;
			sourceTree = "<group>";
		};
		116D411C2CB3215F00F55A08 /* UseCases */ = {
			isa = PBXGroup;
			children = (
			);
			path = UseCases;
			sourceTree = "<group>";
		};
		116D411D2CB3215F00F55A08 /* Domain */ = {
			isa = PBXGroup;
			children = (
				116D411B2CB3215F00F55A08 /* Entities */,
				116D415C2CB32F9400F55A08 /* Factories */,
				11512EEF2CB72A09005207EF /* Services */,
				116D411C2CB3215F00F55A08 /* UseCases */,
			);
			path = Domain;
			sourceTree = "<group>";
		};
		116D411F2CB3215F00F55A08 /* App */ = {
			isa = PBXGroup;
			children = (
				116D411E2CB3215F00F55A08 /* VideoPokerApp.swift */,
			);
			path = App;
			sourceTree = "<group>";
		};
		116D41202CB3215F00F55A08 /* Persistence */ = {
			isa = PBXGroup;
			children = (
				11512EE92CB7176E005207EF /* UserDefaultsPlayerDataRepository.swift */,
			);
			path = Persistence;
			sourceTree = "<group>";
		};
		116D41212CB3215F00F55A08 /* Framework */ = {
			isa = PBXGroup;
			children = (
				116D411F2CB3215F00F55A08 /* App */,
				116D41202CB3215F00F55A08 /* Persistence */,
			);
			path = Framework;
			sourceTree = "<group>";
		};
		116D41222CB3215F00F55A08 /* ViewModels */ = {
			isa = PBXGroup;
			children = (
				116D41432CB322A200F55A08 /* VideoPokerViewModel.swift */,
			);
			path = ViewModels;
			sourceTree = "<group>";
		};
		116D41232CB3215F00F55A08 /* Views */ = {
			isa = PBXGroup;
			children = (
				116D41632CB341A400F55A08 /* CardView.swift */,
				116D41292CB3215F00F55A08 /* VideoPokerView.swift */,
			);
			path = Views;
			sourceTree = "<group>";
		};
		116D41242CB3215F00F55A08 /* Presentation */ = {
			isa = PBXGroup;
			children = (
				116D41222CB3215F00F55A08 /* ViewModels */,
				116D41232CB3215F00F55A08 /* Views */,
			);
			path = Presentation;
			sourceTree = "<group>";
		};
		116D41262CB3215F00F55A08 /* Resources */ = {
			isa = PBXGroup;
			children = (
				116D41252CB3215F00F55A08 /* Assets.xcassets */,
				116D41672CB34C5000F55A08 /* Localizable.xcstrings */,
			);
			path = Resources;
			sourceTree = "<group>";
		};
		116D41282CB3215F00F55A08 /* Preview Content */ = {
			isa = PBXGroup;
			children = (
				116D41272CB3215F00F55A08 /* Preview Assets.xcassets */,
			);
			path = "Preview Content";
			sourceTree = "<group>";
		};
		116D412A2CB3215F00F55A08 /* Penguins Poker Palace */ = {
			isa = PBXGroup;
			children = (
				116D411D2CB3215F00F55A08 /* Domain */,
				116D411A2CB3215F00F55A08 /* Data */,
				116D41242CB3215F00F55A08 /* Presentation */,
				116D41212CB3215F00F55A08 /* Framework */,
				116D41262CB3215F00F55A08 /* Resources */,
				116D41472CB326C100F55A08 /* Mocks */,
				116D41282CB3215F00F55A08 /* Preview Content */,
			);
			path = "Penguins Poker Palace";
			sourceTree = "<group>";
		};
		116D41472CB326C100F55A08 /* Mocks */ = {
			isa = PBXGroup;
			children = (
				116D414A2CB326FD00F55A08 /* MockGameRepository.swift */,
				116D41482CB326DB00F55A08 /* MockVideoPokerGame.swift */,
			);
			path = Mocks;
			sourceTree = "<group>";
		};
		116D415C2CB32F9400F55A08 /* Factories */ = {
			isa = PBXGroup;
			children = (
				116D415D2CB32FB100F55A08 /* CardFactory.swift */,
				116D415F2CB32FF300F55A08 /* RandomCardFactory.swift */,
			);
			path = Factories;
			sourceTree = "<group>";
		};
/* End PBXGroup section */

/* Begin PBXNativeTarget section */
		115441072CB31CC8006EC8B1 /* Penguins Poker Palace */ = {
			isa = PBXNativeTarget;
			buildConfigurationList = 115441162CB31CC9006EC8B1 /* Build configuration list for PBXNativeTarget "Penguins Poker Palace" */;
			buildPhases = (
				115441042CB31CC8006EC8B1 /* Sources */,
				115441052CB31CC8006EC8B1 /* Frameworks */,
				115441062CB31CC8006EC8B1 /* Resources */,
			);
			buildRules = (
			);
			dependencies = (
			);
			name = "Penguins Poker Palace";
			packageProductDependencies = (
			);
			productName = "Penguins Poker Palace";
			productReference = 115441082CB31CC8006EC8B1 /* Penguins Poker Palace.app */;
			productType = "com.apple.product-type.application";
		};
		116D41522CB32CB400F55A08 /* VideoPokerAppTests */ = {
			isa = PBXNativeTarget;
			buildConfigurationList = 116D41592CB32CB400F55A08 /* Build configuration list for PBXNativeTarget "VideoPokerAppTests" */;
			buildPhases = (
				116D414F2CB32CB400F55A08 /* Sources */,
				116D41502CB32CB400F55A08 /* Frameworks */,
				116D41512CB32CB400F55A08 /* Resources */,
			);
			buildRules = (
			);
			dependencies = (
				116D41582CB32CB400F55A08 /* PBXTargetDependency */,
			);
			fileSystemSynchronizedGroups = (
				116D41542CB32CB400F55A08 /* VideoPokerAppTests */,
			);
			name = VideoPokerAppTests;
			packageProductDependencies = (
			);
			productName = VideoPokerAppTests;
			productReference = 116D41532CB32CB400F55A08 /* VideoPokerAppTests.xctest */;
			productType = "com.apple.product-type.bundle.unit-test";
		};
/* End PBXNativeTarget section */

/* Begin PBXProject section */
		115441002CB31CC8006EC8B1 /* Project object */ = {
			isa = PBXProject;
			attributes = {
				BuildIndependentTargetsInParallel = 1;
				LastSwiftUpdateCheck = 1610;
				LastUpgradeCheck = 1610;
				TargetAttributes = {
					115441072CB31CC8006EC8B1 = {
						CreatedOnToolsVersion = 16.1;
					};
					116D41522CB32CB400F55A08 = {
						CreatedOnToolsVersion = 16.1;
						TestTargetID = 115441072CB31CC8006EC8B1;
					};
				};
			};
			buildConfigurationList = 115441032CB31CC8006EC8B1 /* Build configuration list for PBXProject "Penguins Poker Palace" */;
			developmentRegion = en;
			hasScannedForEncodings = 0;
			knownRegions = (
				en,
				Base,
				fr,
				es,
				de,
				ko,
			);
			mainGroup = 115440FF2CB31CC8006EC8B1;
			minimizedProjectReferenceProxies = 1;
			preferredProjectObjectVersion = 77;
			productRefGroup = 115441092CB31CC8006EC8B1 /* Products */;
			projectDirPath = "";
			projectRoot = "";
			targets = (
				115441072CB31CC8006EC8B1 /* Penguins Poker Palace */,
				116D41522CB32CB400F55A08 /* VideoPokerAppTests */,
			);
		};
/* End PBXProject section */

/* Begin PBXResourcesBuildPhase section */
		115441062CB31CC8006EC8B1 /* Resources */ = {
			isa = PBXResourcesBuildPhase;
			buildActionMask = 2147483647;
			files = (
				116D412D2CB3215F00F55A08 /* Assets.xcassets in Resources */,
				116D412E2CB3215F00F55A08 /* Preview Assets.xcassets in Resources */,
				116D41682CB34C5000F55A08 /* Localizable.xcstrings in Resources */,
			);
			runOnlyForDeploymentPostprocessing = 0;
		};
		116D41512CB32CB400F55A08 /* Resources */ = {
			isa = PBXResourcesBuildPhase;
			buildActionMask = 2147483647;
			files = (
			);
			runOnlyForDeploymentPostprocessing = 0;
		};
/* End PBXResourcesBuildPhase section */

/* Begin PBXSourcesBuildPhase section */
		115441042CB31CC8006EC8B1 /* Sources */ = {
			isa = PBXSourcesBuildPhase;
			buildActionMask = 2147483647;
			files = (
				116D41492CB326DB00F55A08 /* MockVideoPokerGame.swift in Sources */,
				116D41442CB322A200F55A08 /* VideoPokerViewModel.swift in Sources */,
				116D41462CB3234000F55A08 /* VideoPokerGame.swift in Sources */,
				116D41622CB3352A00F55A08 /* CardColor.swift in Sources */,
				116D415E2CB32FB100F55A08 /* CardFactory.swift in Sources */,
				116D413D2CB3224F00F55A08 /* HandRank.swift in Sources */,
				116D416A2CB3681100F55A08 /* HandState.swift in Sources */,
				116D41602CB32FF300F55A08 /* RandomCardFactory.swift in Sources */,
				11512EE42CB71577005207EF /* PokerLevel.swift in Sources */,
				11512EEE2CB71905005207EF /* HandPreference.swift in Sources */,
				116D413B2CB3223A00F55A08 /* Deck.swift in Sources */,
				116D412B2CB3215F00F55A08 /* VideoPokerApp.swift in Sources */,
				116D41302CB321AE00F55A08 /* Card.swift in Sources */,
				116D41642CB341A400F55A08 /* CardView.swift in Sources */,
				11512EEA2CB7176E005207EF /* UserDefaultsPlayerDataRepository.swift in Sources */,
				11512EE82CB715B7005207EF /* PlayerLevelDetermination.swift in Sources */,
				116D414B2CB326FD00F55A08 /* MockGameRepository.swift in Sources */,
				116D41392CB3222000F55A08 /* Hand.swift in Sources */,
				11512EE62CB7159A005207EF /* PlayerData.swift in Sources */,
				116D41352CB3220100F55A08 /* Suit.swift in Sources */,
				116D41372CB3220F00F55A08 /* Rank.swift in Sources */,
				11512EEC2CB717B2005207EF /* PlayerDataRepository.swift in Sources */,
				116D412C2CB3215F00F55A08 /* VideoPokerView.swift in Sources */,
			);
			runOnlyForDeploymentPostprocessing = 0;
		};
		116D414F2CB32CB400F55A08 /* Sources */ = {
			isa = PBXSourcesBuildPhase;
			buildActionMask = 2147483647;
			files = (
			);
			runOnlyForDeploymentPostprocessing = 0;
		};
/* End PBXSourcesBuildPhase section */

/* Begin PBXTargetDependency section */
		116D41582CB32CB400F55A08 /* PBXTargetDependency */ = {
			isa = PBXTargetDependency;
			target = 115441072CB31CC8006EC8B1 /* Penguins Poker Palace */;
			targetProxy = 116D41572CB32CB400F55A08 /* PBXContainerItemProxy */;
		};
/* End PBXTargetDependency section */

/* Begin XCBuildConfiguration section */
		115441142CB31CC9006EC8B1 /* Debug */ = {
			isa = XCBuildConfiguration;
			buildSettings = {
				ALWAYS_SEARCH_USER_PATHS = NO;
				ASSETCATALOG_COMPILER_GENERATE_SWIFT_ASSET_SYMBOL_EXTENSIONS = YES;
				CLANG_ANALYZER_NONNULL = YES;
				CLANG_ANALYZER_NUMBER_OBJECT_CONVERSION = YES_AGGRESSIVE;
				CLANG_CXX_LANGUAGE_STANDARD = "gnu++20";
				CLANG_ENABLE_MODULES = YES;
				CLANG_ENABLE_OBJC_ARC = YES;
				CLANG_ENABLE_OBJC_WEAK = YES;
				CLANG_WARN_BLOCK_CAPTURE_AUTORELEASING = YES;
				CLANG_WARN_BOOL_CONVERSION = YES;
				CLANG_WARN_COMMA = YES;
				CLANG_WARN_CONSTANT_CONVERSION = YES;
				CLANG_WARN_DEPRECATED_OBJC_IMPLEMENTATIONS = YES;
				CLANG_WARN_DIRECT_OBJC_ISA_USAGE = YES_ERROR;
				CLANG_WARN_DOCUMENTATION_COMMENTS = YES;
				CLANG_WARN_EMPTY_BODY = YES;
				CLANG_WARN_ENUM_CONVERSION = YES;
				CLANG_WARN_INFINITE_RECURSION = YES;
				CLANG_WARN_INT_CONVERSION = YES;
				CLANG_WARN_NON_LITERAL_NULL_CONVERSION = YES;
				CLANG_WARN_OBJC_IMPLICIT_RETAIN_SELF = YES;
				CLANG_WARN_OBJC_LITERAL_CONVERSION = YES;
				CLANG_WARN_OBJC_ROOT_CLASS = YES_ERROR;
				CLANG_WARN_QUOTED_INCLUDE_IN_FRAMEWORK_HEADER = YES;
				CLANG_WARN_RANGE_LOOP_ANALYSIS = YES;
				CLANG_WARN_STRICT_PROTOTYPES = YES;
				CLANG_WARN_SUSPICIOUS_MOVE = YES;
				CLANG_WARN_UNGUARDED_AVAILABILITY = YES_AGGRESSIVE;
				CLANG_WARN_UNREACHABLE_CODE = YES;
				CLANG_WARN__DUPLICATE_METHOD_MATCH = YES;
				COPY_PHASE_STRIP = NO;
				DEBUG_INFORMATION_FORMAT = dwarf;
				ENABLE_STRICT_OBJC_MSGSEND = YES;
				ENABLE_TESTABILITY = YES;
				ENABLE_USER_SCRIPT_SANDBOXING = YES;
				GCC_C_LANGUAGE_STANDARD = gnu17;
				GCC_DYNAMIC_NO_PIC = NO;
				GCC_NO_COMMON_BLOCKS = YES;
				GCC_OPTIMIZATION_LEVEL = 0;
				GCC_PREPROCESSOR_DEFINITIONS = (
					"DEBUG=1",
					"$(inherited)",
				);
				GCC_WARN_64_TO_32_BIT_CONVERSION = YES;
				GCC_WARN_ABOUT_RETURN_TYPE = YES_ERROR;
				GCC_WARN_UNDECLARED_SELECTOR = YES;
				GCC_WARN_UNINITIALIZED_AUTOS = YES_AGGRESSIVE;
				GCC_WARN_UNUSED_FUNCTION = YES;
				GCC_WARN_UNUSED_VARIABLE = YES;
				IPHONEOS_DEPLOYMENT_TARGET = 18.1;
				LOCALIZATION_PREFERS_STRING_CATALOGS = YES;
				MTL_ENABLE_DEBUG_INFO = INCLUDE_SOURCE;
				MTL_FAST_MATH = YES;
				ONLY_ACTIVE_ARCH = YES;
				SDKROOT = iphoneos;
				SWIFT_ACTIVE_COMPILATION_CONDITIONS = "DEBUG $(inherited)";
				SWIFT_EMIT_LOC_STRINGS = YES;
				SWIFT_OPTIMIZATION_LEVEL = "-Onone";
			};
			name = Debug;
		};
		115441152CB31CC9006EC8B1 /* Release */ = {
			isa = XCBuildConfiguration;
			buildSettings = {
				ALWAYS_SEARCH_USER_PATHS = NO;
				ASSETCATALOG_COMPILER_GENERATE_SWIFT_ASSET_SYMBOL_EXTENSIONS = YES;
				CLANG_ANALYZER_NONNULL = YES;
				CLANG_ANALYZER_NUMBER_OBJECT_CONVERSION = YES_AGGRESSIVE;
				CLANG_CXX_LANGUAGE_STANDARD = "gnu++20";
				CLANG_ENABLE_MODULES = YES;
				CLANG_ENABLE_OBJC_ARC = YES;
				CLANG_ENABLE_OBJC_WEAK = YES;
				CLANG_WARN_BLOCK_CAPTURE_AUTORELEASING = YES;
				CLANG_WARN_BOOL_CONVERSION = YES;
				CLANG_WARN_COMMA = YES;
				CLANG_WARN_CONSTANT_CONVERSION = YES;
				CLANG_WARN_DEPRECATED_OBJC_IMPLEMENTATIONS = YES;
				CLANG_WARN_DIRECT_OBJC_ISA_USAGE = YES_ERROR;
				CLANG_WARN_DOCUMENTATION_COMMENTS = YES;
				CLANG_WARN_EMPTY_BODY = YES;
				CLANG_WARN_ENUM_CONVERSION = YES;
				CLANG_WARN_INFINITE_RECURSION = YES;
				CLANG_WARN_INT_CONVERSION = YES;
				CLANG_WARN_NON_LITERAL_NULL_CONVERSION = YES;
				CLANG_WARN_OBJC_IMPLICIT_RETAIN_SELF = YES;
				CLANG_WARN_OBJC_LITERAL_CONVERSION = YES;
				CLANG_WARN_OBJC_ROOT_CLASS = YES_ERROR;
				CLANG_WARN_QUOTED_INCLUDE_IN_FRAMEWORK_HEADER = YES;
				CLANG_WARN_RANGE_LOOP_ANALYSIS = YES;
				CLANG_WARN_STRICT_PROTOTYPES = YES;
				CLANG_WARN_SUSPICIOUS_MOVE = YES;
				CLANG_WARN_UNGUARDED_AVAILABILITY = YES_AGGRESSIVE;
				CLANG_WARN_UNREACHABLE_CODE = YES;
				CLANG_WARN__DUPLICATE_METHOD_MATCH = YES;
				COPY_PHASE_STRIP = NO;
				DEBUG_INFORMATION_FORMAT = "dwarf-with-dsym";
				ENABLE_NS_ASSERTIONS = NO;
				ENABLE_STRICT_OBJC_MSGSEND = YES;
				ENABLE_USER_SCRIPT_SANDBOXING = YES;
				GCC_C_LANGUAGE_STANDARD = gnu17;
				GCC_NO_COMMON_BLOCKS = YES;
				GCC_WARN_64_TO_32_BIT_CONVERSION = YES;
				GCC_WARN_ABOUT_RETURN_TYPE = YES_ERROR;
				GCC_WARN_UNDECLARED_SELECTOR = YES;
				GCC_WARN_UNINITIALIZED_AUTOS = YES_AGGRESSIVE;
				GCC_WARN_UNUSED_FUNCTION = YES;
				GCC_WARN_UNUSED_VARIABLE = YES;
				IPHONEOS_DEPLOYMENT_TARGET = 18.1;
				LOCALIZATION_PREFERS_STRING_CATALOGS = YES;
				MTL_ENABLE_DEBUG_INFO = NO;
				MTL_FAST_MATH = YES;
				SDKROOT = iphoneos;
				SWIFT_COMPILATION_MODE = wholemodule;
				SWIFT_EMIT_LOC_STRINGS = YES;
				VALIDATE_PRODUCT = YES;
			};
			name = Release;
		};
		115441172CB31CC9006EC8B1 /* Debug */ = {
			isa = XCBuildConfiguration;
			buildSettings = {
				ASSETCATALOG_COMPILER_APPICON_NAME = AppIcon;
				ASSETCATALOG_COMPILER_GLOBAL_ACCENT_COLOR_NAME = AccentColor;
				CODE_SIGN_STYLE = Automatic;
				CURRENT_PROJECT_VERSION = 1;
				DEVELOPMENT_ASSET_PATHS = "\"Penguins Poker Palace/Preview Content\"";
				DEVELOPMENT_TEAM = 35HGB43CC5;
				ENABLE_PREVIEWS = YES;
				GENERATE_INFOPLIST_FILE = YES;
				INFOPLIST_KEY_UIApplicationSceneManifest_Generation = YES;
				INFOPLIST_KEY_UIApplicationSupportsIndirectInputEvents = YES;
				INFOPLIST_KEY_UILaunchScreen_Generation = YES;
				INFOPLIST_KEY_UISupportedInterfaceOrientations_iPad = "UIInterfaceOrientationPortrait UIInterfaceOrientationPortraitUpsideDown UIInterfaceOrientationLandscapeLeft UIInterfaceOrientationLandscapeRight";
				INFOPLIST_KEY_UISupportedInterfaceOrientations_iPhone = "UIInterfaceOrientationPortrait UIInterfaceOrientationLandscapeLeft UIInterfaceOrientationLandscapeRight";
				LD_RUNPATH_SEARCH_PATHS = (
					"$(inherited)",
					"@executable_path/Frameworks",
				);
				MARKETING_VERSION = 1.0;
				PRODUCT_BUNDLE_IDENTIFIER = "dev.happios.Penguins-Poker-Palace";
				PRODUCT_NAME = "$(TARGET_NAME)";
				SWIFT_EMIT_LOC_STRINGS = YES;
				SWIFT_VERSION = 5.0;
				TARGETED_DEVICE_FAMILY = "1,2";
			};
			name = Debug;
		};
		115441182CB31CC9006EC8B1 /* Release */ = {
			isa = XCBuildConfiguration;
			buildSettings = {
				ASSETCATALOG_COMPILER_APPICON_NAME = AppIcon;
				ASSETCATALOG_COMPILER_GLOBAL_ACCENT_COLOR_NAME = AccentColor;
				CODE_SIGN_STYLE = Automatic;
				CURRENT_PROJECT_VERSION = 1;
				DEVELOPMENT_ASSET_PATHS = "\"Penguins Poker Palace/Preview Content\"";
				DEVELOPMENT_TEAM = 35HGB43CC5;
				ENABLE_PREVIEWS = YES;
				GENERATE_INFOPLIST_FILE = YES;
				INFOPLIST_KEY_UIApplicationSceneManifest_Generation = YES;
				INFOPLIST_KEY_UIApplicationSupportsIndirectInputEvents = YES;
				INFOPLIST_KEY_UILaunchScreen_Generation = YES;
				INFOPLIST_KEY_UISupportedInterfaceOrientations_iPad = "UIInterfaceOrientationPortrait UIInterfaceOrientationPortraitUpsideDown UIInterfaceOrientationLandscapeLeft UIInterfaceOrientationLandscapeRight";
				INFOPLIST_KEY_UISupportedInterfaceOrientations_iPhone = "UIInterfaceOrientationPortrait UIInterfaceOrientationLandscapeLeft UIInterfaceOrientationLandscapeRight";
				LD_RUNPATH_SEARCH_PATHS = (
					"$(inherited)",
					"@executable_path/Frameworks",
				);
				MARKETING_VERSION = 1.0;
				PRODUCT_BUNDLE_IDENTIFIER = "dev.happios.Penguins-Poker-Palace";
				PRODUCT_NAME = "$(TARGET_NAME)";
				SWIFT_EMIT_LOC_STRINGS = YES;
				SWIFT_VERSION = 5.0;
				TARGETED_DEVICE_FAMILY = "1,2";
			};
			name = Release;
		};
		116D415A2CB32CB400F55A08 /* Debug */ = {
			isa = XCBuildConfiguration;
			buildSettings = {
				BUNDLE_LOADER = "$(TEST_HOST)";
				CODE_SIGN_STYLE = Automatic;
				CURRENT_PROJECT_VERSION = 1;
				DEVELOPMENT_TEAM = 35HGB43CC5;
				GENERATE_INFOPLIST_FILE = YES;
				MARKETING_VERSION = 1.0;
				PRODUCT_BUNDLE_IDENTIFIER = dev.happios.VideoPokerAppTests;
				PRODUCT_NAME = "$(TARGET_NAME)";
				SWIFT_EMIT_LOC_STRINGS = NO;
				SWIFT_VERSION = 5.0;
				TARGETED_DEVICE_FAMILY = "1,2";
				TEST_HOST = "$(BUILT_PRODUCTS_DIR)/Penguins Poker Palace.app/$(BUNDLE_EXECUTABLE_FOLDER_PATH)/Penguins Poker Palace";
			};
			name = Debug;
		};
		116D415B2CB32CB400F55A08 /* Release */ = {
			isa = XCBuildConfiguration;
			buildSettings = {
				BUNDLE_LOADER = "$(TEST_HOST)";
				CODE_SIGN_STYLE = Automatic;
				CURRENT_PROJECT_VERSION = 1;
				DEVELOPMENT_TEAM = 35HGB43CC5;
				GENERATE_INFOPLIST_FILE = YES;
				MARKETING_VERSION = 1.0;
				PRODUCT_BUNDLE_IDENTIFIER = dev.happios.VideoPokerAppTests;
				PRODUCT_NAME = "$(TARGET_NAME)";
				SWIFT_EMIT_LOC_STRINGS = NO;
				SWIFT_VERSION = 5.0;
				TARGETED_DEVICE_FAMILY = "1,2";
				TEST_HOST = "$(BUILT_PRODUCTS_DIR)/Penguins Poker Palace.app/$(BUNDLE_EXECUTABLE_FOLDER_PATH)/Penguins Poker Palace";
			};
			name = Release;
		};
/* End XCBuildConfiguration section */

/* Begin XCConfigurationList section */
		115441032CB31CC8006EC8B1 /* Build configuration list for PBXProject "Penguins Poker Palace" */ = {
			isa = XCConfigurationList;
			buildConfigurations = (
				115441142CB31CC9006EC8B1 /* Debug */,
				115441152CB31CC9006EC8B1 /* Release */,
			);
			defaultConfigurationIsVisible = 0;
			defaultConfigurationName = Release;
		};
		115441162CB31CC9006EC8B1 /* Build configuration list for PBXNativeTarget "Penguins Poker Palace" */ = {
			isa = XCConfigurationList;
			buildConfigurations = (
				115441172CB31CC9006EC8B1 /* Debug */,
				115441182CB31CC9006EC8B1 /* Release */,
			);
			defaultConfigurationIsVisible = 0;
			defaultConfigurationName = Release;
		};
		116D41592CB32CB400F55A08 /* Build configuration list for PBXNativeTarget "VideoPokerAppTests" */ = {
			isa = XCConfigurationList;
			buildConfigurations = (
				116D415A2CB32CB400F55A08 /* Debug */,
				116D415B2CB32CB400F55A08 /* Release */,
			);
			defaultConfigurationIsVisible = 0;
			defaultConfigurationName = Release;
		};
/* End XCConfigurationList section */
	};
	rootObject = 115441002CB31CC8006EC8B1 /* Project object */;
}
